
Microsoft Visual Studio Solution File, Format Version 12.00
# Visual Studio Version 17
VisualStudioVersion = 17.5.33424.131
MinimumVisualStudioVersion = 10.0.40219.1
Project("{FAE04EC0-301F-11D3-BF4B-00C04F79EFBC}") = "TelegramBot", "TelegramBot\TelegramBot.csproj", "{895758BC-3D67-44E7-83FC-1B648BAC4D93}"
EndProject
Global
	GlobalSection(SolutionConfigurationPlatforms) = preSolution
		Debug|Any CPU = Debug|Any CPU
		Release|Any CPU = Release|Any CPU
	EndGlobalSection
	GlobalSection(ProjectConfigurationPlatforms) = postSolution
		{895758BC-3D67-44E7-83FC-1B648BAC4D93}.Debug|Any CPU.ActiveCfg = Debug|Any CPU
		{895758BC-3D67-44E7-83FC-1B648BAC4D93}.Debug|Any CPU.Build.0 = Debug|Any CPU
		{895758BC-3D67-44E7-83FC-1B648BAC4D93}.Release|Any CPU.ActiveCfg = Release|Any CPU
		{895758BC-3D67-44E7-83FC-1B648BAC4D93}.Release|Any CPU.Build.0 = Release|Any CPU
	EndGlobalSection
	GlobalSection(SolutionProperties) = preSolution
		HideSolutionNode = FALSE
	EndGlobalSection
	GlobalSection(ExtensibilityGlobals) = postSolution
		SolutionGuid = {BCB0FB45-9133-48F7-BA75-23FC4495D736}
	EndGlobalSection
EndGlobal
